
Microsoft Visual Studio Solution File, Format Version 12.00
# Visual Studio Version 16
VisualStudioVersion = 16.0.31624.102
MinimumVisualStudioVersion = 10.0.40219.1
Project("{FAE04EC0-301F-11D3-BF4B-00C04F79EFBC}") = "Raad een getal", "Raad een getal.csproj", "{201559DC-6F82-4399-87B7-53161BCDD956}"
EndProject
Global
	GlobalSection(SolutionConfigurationPlatforms) = preSolution
		Debug|Any CPU = Debug|Any CPU
		Release|Any CPU = Release|Any CPU
	EndGlobalSection
	GlobalSection(ProjectConfigurationPlatforms) = postSolution
		{201559DC-6F82-4399-87B7-53161BCDD956}.Debug|Any CPU.ActiveCfg = Debug|Any CPU
		{201559DC-6F82-4399-87B7-53161BCDD956}.Debug|Any CPU.Build.0 = Debug|Any CPU
		{201559DC-6F82-4399-87B7-53161BCDD956}.Release|Any CPU.ActiveCfg = Release|Any CPU
		{201559DC-6F82-4399-87B7-53161BCDD956}.Release|Any CPU.Build.0 = Release|Any CPU
	EndGlobalSection
	GlobalSection(SolutionProperties) = preSolution
		HideSolutionNode = FALSE
	EndGlobalSection
	GlobalSection(ExtensibilityGlobals) = postSolution
		SolutionGuid = {4C5BE739-66B2-4A82-AE6D-DF16CAB8AE4F}
	EndGlobalSection
EndGlobal
